
Microsoft Visual Studio Solution File, Format Version 12.00
# Visual Studio 15
VisualStudioVersion = 15.0.27130.2024
MinimumVisualStudioVersion = 10.0.40219.1
Project("{FAE04EC0-301F-11D3-BF4B-00C04F79EFBC}") = "Commons", "Commons.csproj", "{85007AA7-A166-4FC9-A24B-B97E1D7BBDAE}"
EndProject
Global
	GlobalSection(SolutionConfigurationPlatforms) = preSolution
		Debug|Any CPU = Debug|Any CPU
		Release|Any CPU = Release|Any CPU
	EndGlobalSection
	GlobalSection(ProjectConfigurationPlatforms) = postSolution
		{85007AA7-A166-4FC9-A24B-B97E1D7BBDAE}.Debug|Any CPU.ActiveCfg = Debug|Any CPU
		{85007AA7-A166-4FC9-A24B-B97E1D7BBDAE}.Debug|Any CPU.Build.0 = Debug|Any CPU
		{85007AA7-A166-4FC9-A24B-B97E1D7BBDAE}.Release|Any CPU.ActiveCfg = Release|Any CPU
		{85007AA7-A166-4FC9-A24B-B97E1D7BBDAE}.Release|Any CPU.Build.0 = Release|Any CPU
	EndGlobalSection
	GlobalSection(SolutionProperties) = preSolution
		HideSolutionNode = FALSE
	EndGlobalSection
	GlobalSection(ExtensibilityGlobals) = postSolution
		SolutionGuid = {96F6CF82-030D-4A51-BFC7-1D3E16060267}
	EndGlobalSection
EndGlobal
